
Microsoft Visual Studio Solution File, Format Version 12.00
# Visual Studio Version 17
VisualStudioVersion = 17.11.35312.102
MinimumVisualStudioVersion = 10.0.40219.1
Project("{FAE04EC0-301F-11D3-BF4B-00C04F79EFBC}") = "ydRSoft.Web", "ydRSoft.Web\ydRSoft.Web.csproj", "{69C1FF2E-8799-4C15-8348-8846C91F3D4E}"
EndProject
Project("{FAE04EC0-301F-11D3-BF4B-00C04F79EFBC}") = "ydRSoft.Modelo", "ydRSoft.Modelo\ydRSoft.Modelo.csproj", "{4932ACE3-E17F-410F-B8F6-F7A4502489FE}"
EndProject
Project("{FAE04EC0-301F-11D3-BF4B-00C04F79EFBC}") = "ydRSoft.BL", "ydRSoft.BL\ydRSoft.BL.csproj", "{93AA943D-18E3-4016-A188-5FF089EEF0A7}"
EndProject
Project("{FAE04EC0-301F-11D3-BF4B-00C04F79EFBC}") = "ydRSoft.BD", "ydRSoft.BD\ydRSoft.BD.csproj", "{528001A3-7299-4149-A5CA-8C4E728791F1}"
EndProject
Project("{FAE04EC0-301F-11D3-BF4B-00C04F79EFBC}") = "ydRSoft.Util", "ydRSoft.Util\ydRSoft.Util.csproj", "{35A0DB1A-B52A-4D5C-9C8E-709EFBBC87BB}"
EndProject
Global
	GlobalSection(SolutionConfigurationPlatforms) = preSolution
		Debug|Any CPU = Debug|Any CPU
		Release|Any CPU = Release|Any CPU
	EndGlobalSection
	GlobalSection(ProjectConfigurationPlatforms) = postSolution
		{69C1FF2E-8799-4C15-8348-8846C91F3D4E}.Debug|Any CPU.ActiveCfg = Debug|Any CPU
		{69C1FF2E-8799-4C15-8348-8846C91F3D4E}.Debug|Any CPU.Build.0 = Debug|Any CPU
		{69C1FF2E-8799-4C15-8348-8846C91F3D4E}.Release|Any CPU.ActiveCfg = Release|Any CPU
		{69C1FF2E-8799-4C15-8348-8846C91F3D4E}.Release|Any CPU.Build.0 = Release|Any CPU
		{4932ACE3-E17F-410F-B8F6-F7A4502489FE}.Debug|Any CPU.ActiveCfg = Debug|Any CPU
		{4932ACE3-E17F-410F-B8F6-F7A4502489FE}.Debug|Any CPU.Build.0 = Debug|Any CPU
		{4932ACE3-E17F-410F-B8F6-F7A4502489FE}.Release|Any CPU.ActiveCfg = Release|Any CPU
		{4932ACE3-E17F-410F-B8F6-F7A4502489FE}.Release|Any CPU.Build.0 = Release|Any CPU
		{93AA943D-18E3-4016-A188-5FF089EEF0A7}.Debug|Any CPU.ActiveCfg = Debug|Any CPU
		{93AA943D-18E3-4016-A188-5FF089EEF0A7}.Debug|Any CPU.Build.0 = Debug|Any CPU
		{93AA943D-18E3-4016-A188-5FF089EEF0A7}.Release|Any CPU.ActiveCfg = Release|Any CPU
		{93AA943D-18E3-4016-A188-5FF089EEF0A7}.Release|Any CPU.Build.0 = Release|Any CPU
		{528001A3-7299-4149-A5CA-8C4E728791F1}.Debug|Any CPU.ActiveCfg = Debug|Any CPU
		{528001A3-7299-4149-A5CA-8C4E728791F1}.Debug|Any CPU.Build.0 = Debug|Any CPU
		{528001A3-7299-4149-A5CA-8C4E728791F1}.Release|Any CPU.ActiveCfg = Release|Any CPU
		{528001A3-7299-4149-A5CA-8C4E728791F1}.Release|Any CPU.Build.0 = Release|Any CPU
		{35A0DB1A-B52A-4D5C-9C8E-709EFBBC87BB}.Debug|Any CPU.ActiveCfg = Debug|Any CPU
		{35A0DB1A-B52A-4D5C-9C8E-709EFBBC87BB}.Debug|Any CPU.Build.0 = Debug|Any CPU
		{35A0DB1A-B52A-4D5C-9C8E-709EFBBC87BB}.Release|Any CPU.ActiveCfg = Release|Any CPU
		{35A0DB1A-B52A-4D5C-9C8E-709EFBBC87BB}.Release|Any CPU.Build.0 = Release|Any CPU
	EndGlobalSection
	GlobalSection(SolutionProperties) = preSolution
		HideSolutionNode = FALSE
	EndGlobalSection
	GlobalSection(ExtensibilityGlobals) = postSolution
		SolutionGuid = {EBB8250B-9FB3-4EE4-89A3-02DDDA20D01B}
	EndGlobalSection
EndGlobal
